
Microsoft Visual Studio Solution File, Format Version 12.00
# Visual Studio Version 16
VisualStudioVersion = 16.0.29613.14
MinimumVisualStudioVersion = 10.0.40219.1
Project("{FAE04EC0-301F-11D3-BF4B-00C04F79EFBC}") = "EX2", "EX2.csproj", "{15070A7F-0D7A-475F-A9DA-EBA33AA7E216}"
EndProject
Global
	GlobalSection(SolutionConfigurationPlatforms) = preSolution
		Debug|Any CPU = Debug|Any CPU
		Release|Any CPU = Release|Any CPU
	EndGlobalSection
	GlobalSection(ProjectConfigurationPlatforms) = postSolution
		{15070A7F-0D7A-475F-A9DA-EBA33AA7E216}.Debug|Any CPU.ActiveCfg = Debug|Any CPU
		{15070A7F-0D7A-475F-A9DA-EBA33AA7E216}.Debug|Any CPU.Build.0 = Debug|Any CPU
		{15070A7F-0D7A-475F-A9DA-EBA33AA7E216}.Release|Any CPU.ActiveCfg = Release|Any CPU
		{15070A7F-0D7A-475F-A9DA-EBA33AA7E216}.Release|Any CPU.Build.0 = Release|Any CPU
	EndGlobalSection
	GlobalSection(SolutionProperties) = preSolution
		HideSolutionNode = FALSE
	EndGlobalSection
	GlobalSection(ExtensibilityGlobals) = postSolution
		SolutionGuid = {25F48B83-3787-48FD-A793-B79CCC9F5DDE}
	EndGlobalSection
EndGlobal
